
Microsoft Visual Studio Solution File, Format Version 12.00
# Visual Studio Version 17
VisualStudioVersion = 17.0.31903.59
MinimumVisualStudioVersion = 10.0.40219.1
Project("{9A19103F-16F7-4668-BE54-9A1E7A4F7556}") = "AE.Api", "AE.Api.csproj", "{0C358653-9499-479B-9436-EF8BF2752CDD}"
EndProject
Project("{9A19103F-16F7-4668-BE54-9A1E7A4F7556}") = "AE.Data", "..\AE.Data\AE.Data.csproj", "{84ACFAAA-74BB-4508-BB37-B8F241F12523}"
EndProject
Project("{9A19103F-16F7-4668-BE54-9A1E7A4F7556}") = "AE.Application", "..\AE.Application\AE.Application.csproj", "{A9C602AC-058E-44E1-ABCD-C01078CC3AA7}"
EndProject
Project("{9A19103F-16F7-4668-BE54-9A1E7A4F7556}") = "AE.Common", "..\AE.Common\AE.Common.csproj", "{EB46CA32-CE46-4140-914B-872BB775B4DB}"
EndProject
Project("{9A19103F-16F7-4668-BE54-9A1E7A4F7556}") = "AE.UnitTesting", "..\AE.UnitTesting\AE.UnitTesting.csproj", "{DD49D627-C949-43F7-954B-5017D491016F}"
EndProject
Global
	GlobalSection(SolutionConfigurationPlatforms) = preSolution
		Debug|Any CPU = Debug|Any CPU
		Release|Any CPU = Release|Any CPU
	EndGlobalSection
	GlobalSection(ProjectConfigurationPlatforms) = postSolution
		{0C358653-9499-479B-9436-EF8BF2752CDD}.Debug|Any CPU.ActiveCfg = Debug|Any CPU
		{0C358653-9499-479B-9436-EF8BF2752CDD}.Debug|Any CPU.Build.0 = Debug|Any CPU
		{0C358653-9499-479B-9436-EF8BF2752CDD}.Release|Any CPU.ActiveCfg = Release|Any CPU
		{0C358653-9499-479B-9436-EF8BF2752CDD}.Release|Any CPU.Build.0 = Release|Any CPU
		{84ACFAAA-74BB-4508-BB37-B8F241F12523}.Debug|Any CPU.ActiveCfg = Debug|Any CPU
		{84ACFAAA-74BB-4508-BB37-B8F241F12523}.Debug|Any CPU.Build.0 = Debug|Any CPU
		{84ACFAAA-74BB-4508-BB37-B8F241F12523}.Release|Any CPU.ActiveCfg = Release|Any CPU
		{84ACFAAA-74BB-4508-BB37-B8F241F12523}.Release|Any CPU.Build.0 = Release|Any CPU
		{A9C602AC-058E-44E1-ABCD-C01078CC3AA7}.Debug|Any CPU.ActiveCfg = Debug|Any CPU
		{A9C602AC-058E-44E1-ABCD-C01078CC3AA7}.Debug|Any CPU.Build.0 = Debug|Any CPU
		{A9C602AC-058E-44E1-ABCD-C01078CC3AA7}.Release|Any CPU.ActiveCfg = Release|Any CPU
		{A9C602AC-058E-44E1-ABCD-C01078CC3AA7}.Release|Any CPU.Build.0 = Release|Any CPU
		{EB46CA32-CE46-4140-914B-872BB775B4DB}.Debug|Any CPU.ActiveCfg = Debug|Any CPU
		{EB46CA32-CE46-4140-914B-872BB775B4DB}.Debug|Any CPU.Build.0 = Debug|Any CPU
		{EB46CA32-CE46-4140-914B-872BB775B4DB}.Release|Any CPU.ActiveCfg = Release|Any CPU
		{EB46CA32-CE46-4140-914B-872BB775B4DB}.Release|Any CPU.Build.0 = Release|Any CPU
		{DD49D627-C949-43F7-954B-5017D491016F}.Debug|Any CPU.ActiveCfg = Debug|Any CPU
		{DD49D627-C949-43F7-954B-5017D491016F}.Debug|Any CPU.Build.0 = Debug|Any CPU
		{DD49D627-C949-43F7-954B-5017D491016F}.Release|Any CPU.ActiveCfg = Release|Any CPU
		{DD49D627-C949-43F7-954B-5017D491016F}.Release|Any CPU.Build.0 = Release|Any CPU
	EndGlobalSection
	GlobalSection(SolutionProperties) = preSolution
		HideSolutionNode = FALSE
	EndGlobalSection
	GlobalSection(ExtensibilityGlobals) = postSolution
		SolutionGuid = {30CE6893-3FAD-4C0A-BEDF-C7A981E83EE1}
	EndGlobalSection
EndGlobal
